
Microsoft Visual Studio Solution File, Format Version 12.00
# Visual Studio Version 16
VisualStudioVersion = 16.0.30611.23
MinimumVisualStudioVersion = 10.0.40219.1
Project("{FAE04EC0-301F-11D3-BF4B-00C04F79EFBC}") = "WindowsFormsApp1", "WindowsFormsApp1\WindowsFormsApp1.csproj", "{F04CFC43-13D5-4920-8E15-ADAE97413D6F}"
EndProject
Global
	GlobalSection(SolutionConfigurationPlatforms) = preSolution
		Debug|Any CPU = Debug|Any CPU
		Release|Any CPU = Release|Any CPU
	EndGlobalSection
	GlobalSection(ProjectConfigurationPlatforms) = postSolution
		{F04CFC43-13D5-4920-8E15-ADAE97413D6F}.Debug|Any CPU.ActiveCfg = Debug|Any CPU
		{F04CFC43-13D5-4920-8E15-ADAE97413D6F}.Debug|Any CPU.Build.0 = Debug|Any CPU
		{F04CFC43-13D5-4920-8E15-ADAE97413D6F}.Release|Any CPU.ActiveCfg = Release|Any CPU
		{F04CFC43-13D5-4920-8E15-ADAE97413D6F}.Release|Any CPU.Build.0 = Release|Any CPU
	EndGlobalSection
	GlobalSection(SolutionProperties) = preSolution
		HideSolutionNode = FALSE
	EndGlobalSection
	GlobalSection(ExtensibilityGlobals) = postSolution
		SolutionGuid = {C30466FF-0FBA-4114-A9D1-988D879BFBDD}
	EndGlobalSection
EndGlobal
